PODS:
  - LimberTabbar (0.1.0)

DEPENDENCIES:
  - LimberTabbar (from `../LimberTabbar`)

EXTERNAL SOURCES:
  LimberTabbar:
    :path: "../LimberTabbar"

SPEC CHECKSUMS:
  LimberTabbar: 93a9503010616cda00f6f673e87a39649091299d

PODFILE CHECKSUM: fa0ad7f28275e013e7402e9dbb1294d3f9c1e26f

COCOAPODS: 1.6.0.beta.2
