PODS:
  - LimberTabbar (0.1.0)

DEPENDENCIES:
  - LimberTabbar (from `../LimberTabbar`)

EXTERNAL SOURCES:
  LimberTabbar:
    :path: "../LimberTabbar"

SPEC CHECKSUMS:
  LimberTabbar: 93a9503010616cda00f6f673e87a39649091299d

PODFILE CHECKSUM: e3c6fd37a3aabd4d98b04689c2b9ce14b490e6bf

COCOAPODS: 1.6.0.beta.2
